PODS:
  - Alamofire (4.6.0)
  - Bolts (1.8.4):
    - Bolts/AppLinks (= 1.8.4)
    - Bolts/Tasks (= 1.8.4)
  - Bolts/AppLinks (1.8.4):
    - Bolts/Tasks
  - Bolts/Tasks (1.8.4)
  - BoringSSL (9.1):
    - BoringSSL/Implementation (= 9.1)
    - BoringSSL/Interface (= 9.1)
  - BoringSSL/Implementation (9.1):
    - BoringSSL/Interface (= 9.1)
  - BoringSSL/Interface (9.1)
  - FBSDKCoreKit (4.28.0):
    - Bolts (~> 1.7)
  - FBSDKLoginKit (4.28.0):
    - FBSDKCoreKit
  - Firebase (4.5.0):
    - Firebase/Core (= 4.5.0)
  - Firebase/Core (4.5.0):
    - FirebaseAnalytics (= 4.0.4)
    - FirebaseCore (= 4.0.10)
  - Firebase/Firestore (4.5.0):
    - Firebase/Core
    - FirebaseFirestore (= 0.9.1)
  - Firebase/Storage (4.5.0):
    - Firebase/Core
    - FirebaseStorage (= 2.0.2)
  - FirebaseAnalytics (4.0.4):
    - FirebaseCore (~> 4.0)
    - FirebaseInstanceID (~> 2.0)
    - GoogleToolboxForMac/NSData+zlib (~> 2.1)
    - nanopb (~> 0.3)
  - FirebaseAuth (4.3.1):
    - FirebaseAnalytics (~> 4.0)
    - GoogleToolboxForMac/NSDictionary+URLArguments (~> 2.1)
    - GTMSessionFetcher/Core (~> 1.1)
  - FirebaseCore (4.0.10):
    - GoogleToolboxForMac/NSData+zlib (~> 2.1)
    - nanopb (~> 0.3)
  - FirebaseFirestore (0.9.1):
    - FirebaseAnalytics (~> 4.0)
    - FirebaseAuth (~> 4.3)
    - FirebaseCore (~> 4.0)
    - gRPC-ProtoRPC (~> 1.0)
    - leveldb-library (~> 1.18)
    - Protobuf (~> 3.1)
  - FirebaseInstanceID (2.0.5)
  - FirebaseStorage (2.0.2):
    - FirebaseAnalytics (~> 4.0)
    - FirebaseCore (~> 4.0)
    - GTMSessionFetcher/Core (~> 1.1)
  - GoogleSignIn (4.1.1):
    - GoogleToolboxForMac/NSDictionary+URLArguments (~> 2.1)
    - GoogleToolboxForMac/NSString+URLArguments (~> 2.1)
    - GTMOAuth2 (~> 1.0)
    - GTMSessionFetcher/Core (~> 1.1)
  - GoogleToolboxForMac/DebugUtils (2.1.3):
    - GoogleToolboxForMac/Defines (= 2.1.3)
  - GoogleToolboxForMac/Defines (2.1.3)
  - GoogleToolboxForMac/NSData+zlib (2.1.3):
    - GoogleToolboxForMac/Defines (= 2.1.3)
  - GoogleToolboxForMac/NSDictionary+URLArguments (2.1.3):
    - GoogleToolboxForMac/DebugUtils (= 2.1.3)
    - GoogleToolboxForMac/Defines (= 2.1.3)
    - GoogleToolboxForMac/NSString+URLArguments (= 2.1.3)
  - GoogleToolboxForMac/NSString+URLArguments (2.1.3)
  - gRPC (1.8.0):
    - gRPC-RxLibrary (= 1.8.0)
    - gRPC/Main (= 1.8.0)
  - gRPC-Core (1.8.0):
    - gRPC-Core/Implementation (= 1.8.0)
    - gRPC-Core/Interface (= 1.8.0)
  - gRPC-Core/Implementation (1.8.0):
    - BoringSSL (~> 9.0)
    - gRPC-Core/Interface (= 1.8.0)
    - nanopb (~> 0.3)
  - gRPC-Core/Interface (1.8.0)
  - gRPC-ProtoRPC (1.8.0):
    - gRPC (= 1.8.0)
    - gRPC-RxLibrary (= 1.8.0)
    - Protobuf (~> 3.0)
  - gRPC-RxLibrary (1.8.0)
  - gRPC/Main (1.8.0):
    - gRPC-Core (= 1.8.0)
    - gRPC-RxLibrary (= 1.8.0)
  - GTMOAuth2 (1.1.5):
    - GTMSessionFetcher (~> 1.1)
  - GTMSessionFetcher (1.1.12):
    - GTMSessionFetcher/Full (= 1.1.12)
  - GTMSessionFetcher/Core (1.1.12)
  - GTMSessionFetcher/Full (1.1.12):
    - GTMSessionFetcher/Core (= 1.1.12)
  - leveldb-library (1.20)
  - nanopb (0.3.8):
    - nanopb/decode (= 0.3.8)
    - nanopb/encode (= 0.3.8)
  - nanopb/decode (0.3.8)
  - nanopb/encode (0.3.8)
  - PromiseKit (4.5.0):
    - PromiseKit/Foundation (= 4.5.0)
    - PromiseKit/QuartzCore (= 4.5.0)
    - PromiseKit/UIKit (= 4.5.0)
  - PromiseKit/CorePromise (4.5.0)
  - PromiseKit/Foundation (4.5.0):
    - PromiseKit/CorePromise
  - PromiseKit/QuartzCore (4.5.0):
    - PromiseKit/CorePromise
  - PromiseKit/UIKit (4.5.0):
    - PromiseKit/CorePromise
  - Protobuf (3.5.0)
  - PureLayout (3.0.2)
  - TTTAttributedLabel (2.0.0)

DEPENDENCIES:
  - Alamofire
  - FBSDKCoreKit
  - FBSDKLoginKit
  - Firebase
  - Firebase/Firestore
  - Firebase/Storage
  - FirebaseAuth
  - FirebaseCore
  - GoogleSignIn
  - PromiseKit
  - PureLayout
  - TTTAttributedLabel

SPEC CHECKSUMS:
  Alamofire: f41a599bd63041760b26d393ec1069d9d7b917f4
  Bolts: 8a7995239dbe724f9cba2248b766d48b7ebdd322
  BoringSSL: 84318770d120503ab1a6aaf1df777c5ca053697e
  FBSDKCoreKit: ca961e279113f691fd83dc634c0bbad9d4e3f370
  FBSDKLoginKit: b077381c27d800f21661757e8140cf2c80a91e4a
  Firebase: d83d287bdb6b1c78320561482706d1fcfc8ddfc1
  FirebaseAnalytics: 722b53c7b32bfc7806b06e0093a2f5180d4f2c5a
  FirebaseAuth: e7c2b1359c2df4af23a568100a8eace0b8c507e4
  FirebaseCore: da5e8e372cb6046212739a4d81e42d32c22907cc
  FirebaseFirestore: 2112e800ec742daa37b3500b227aaa13e7ca236c
  FirebaseInstanceID: f2b688c66b972f30d7fa9f5f9f91455454a03b47
  FirebaseStorage: 0cca42d9b889a0227c3a50121f45a4469fc9eb27
  GoogleSignIn: 3fdaa34a2ba04dbd7a25d7db39aecb0da98d5bdc
  GoogleToolboxForMac: 2501e2ad72a52eb3dfe7bd9aee7dad11b858bd20
  gRPC: cc3f797b97bf221a9e535e8e012a6f99b1d7f797
  gRPC-Core: 250fd60016c4e4c413279f4002679b0e14e7df26
  gRPC-ProtoRPC: 5b934b29a95b94b0f871d4fc361ff52269476765
  gRPC-RxLibrary: 7c57a1b2ff2f9cafb0face35bbfa0a326281295d
  GTMOAuth2: be83fd28d63ae3087e7d351b1f39c1a7e24ab6e7
  GTMSessionFetcher: ebaa1f79a5366922c1735f1566901f50beba23b7
  leveldb-library: '08cba283675b7ed2d99629a4bc5fd052cd2bb6a5'
  nanopb: 5601e6bca2dbf1ed831b519092ec110f66982ca3
  PromiseKit: 9c1d9f6d7b65e3951a90bea7f407c56972be5d8e
  Protobuf: 8a9838fba8dae3389230e1b7f8c104aa32389c03
  PureLayout: 4d550abe49a94f24c2808b9b95db9131685fe4cd
  TTTAttributedLabel: 8cffe8e127e4e82ff3af1e5386d4cd0ad000b656

PODFILE CHECKSUM: 9ec3b49636222c839f7be6d2e05b87f5ba8d4106

COCOAPODS: 1.2.0
